
Microsoft Visual Studio Solution File, Format Version 12.00
# Visual Studio Version 16
VisualStudioVersion = 16.0.33328.57
MinimumVisualStudioVersion = 10.0.40219.1
Project("{FAE04EC0-301F-11D3-BF4B-00C04F79EFBC}") = "ApplicationBaseDeDonnee", "ApplicationBaseDeDonnee\ApplicationBaseDeDonnee.csproj", "{A653CBF8-03B2-4BD1-BA83-C7D29F8E4DC2}"
EndProject
Global
	GlobalSection(SolutionConfigurationPlatforms) = preSolution
		Debug|Any CPU = Debug|Any CPU
		Release|Any CPU = Release|Any CPU
	EndGlobalSection
	GlobalSection(ProjectConfigurationPlatforms) = postSolution
		{A653CBF8-03B2-4BD1-BA83-C7D29F8E4DC2}.Debug|Any CPU.ActiveCfg = Debug|Any CPU
		{A653CBF8-03B2-4BD1-BA83-C7D29F8E4DC2}.Debug|Any CPU.Build.0 = Debug|Any CPU
		{A653CBF8-03B2-4BD1-BA83-C7D29F8E4DC2}.Release|Any CPU.ActiveCfg = Release|Any CPU
		{A653CBF8-03B2-4BD1-BA83-C7D29F8E4DC2}.Release|Any CPU.Build.0 = Release|Any CPU
	EndGlobalSection
	GlobalSection(SolutionProperties) = preSolution
		HideSolutionNode = FALSE
	EndGlobalSection
	GlobalSection(ExtensibilityGlobals) = postSolution
		SolutionGuid = {5116A3D3-22D1-40C4-9D60-57C406AEFA3D}
	EndGlobalSection
EndGlobal
